
Microsoft Visual Studio Solution File, Format Version 12.00
# Visual Studio Version 17
VisualStudioVersion = 17.14.36221.1 d17.14
MinimumVisualStudioVersion = 10.0.40219.1
Project("{FAE04EC0-301F-11D3-BF4B-00C04F79EFBC}") = "Programacion_Asicronica", "Programacion_Asicronica.csproj", "{7A70108D-E489-407D-9844-120840FCFA69}"
EndProject
Global
	GlobalSection(SolutionConfigurationPlatforms) = preSolution
		Debug|Any CPU = Debug|Any CPU
		Release|Any CPU = Release|Any CPU
	EndGlobalSection
	GlobalSection(ProjectConfigurationPlatforms) = postSolution
		{7A70108D-E489-407D-9844-120840FCFA69}.Debug|Any CPU.ActiveCfg = Debug|Any CPU
		{7A70108D-E489-407D-9844-120840FCFA69}.Debug|Any CPU.Build.0 = Debug|Any CPU
		{7A70108D-E489-407D-9844-120840FCFA69}.Release|Any CPU.ActiveCfg = Release|Any CPU
		{7A70108D-E489-407D-9844-120840FCFA69}.Release|Any CPU.Build.0 = Release|Any CPU
	EndGlobalSection
	GlobalSection(SolutionProperties) = preSolution
		HideSolutionNode = FALSE
	EndGlobalSection
	GlobalSection(ExtensibilityGlobals) = postSolution
		SolutionGuid = {465D1C04-7C3C-4FAD-837F-89571093F16B}
	EndGlobalSection
EndGlobal
